{
  "name": "fs-module",
  "version": "1.0.0",
  "lockfileVersion": 3,
  "requires": true,
  "packages": {
    "": {
      "name": "fs-module",
      "version": "1.0.0",
      "license": "ISC",
      "dependencies": {
        "file": "^0.2.2"
      }
    },
    "node_modules/file": {
      "version": "0.2.2",
      "resolved": "https://registry.npmjs.org/file/-/file-0.2.2.tgz",
      "integrity": "sha512-gwabMtChzdnpDJdPEpz8Vr/PX0pU85KailuPV71Zw/un5yJVKvzukhB3qf6O3lnTwIe5CxlMYLh3jOK3w5xrLA==",
      "license": "MIT"
    }
  }
}
